{
  "name": "nodejs",
  "version": "1.0.0",
  "lockfileVersion": 1,
  "requires": true,
  "dependencies": {
    "wasm-flate": {
      "version": "0.1.11-alpha",
      "resolved": "https://registry.npmjs.org/wasm-flate/-/wasm-flate-0.1.11-alpha.tgz",
      "integrity": "sha512-HPLXb3RY6v9EC7c6s7gjH0fpUBZY/ff0FwmOmiboZlqSSLcZwM3xQPD8pJhflCkCUpcH32d1fcBilaVEEXqFdA=="
    }
  }
}
